
Microsoft Visual Studio Solution File, Format Version 12.00
# Visual Studio Version 17
VisualStudioVersion = 17.5.33424.131
MinimumVisualStudioVersion = 10.0.40219.1
Project("{FAE04EC0-301F-11D3-BF4B-00C04F79EFBC}") = "White Board Challenge", "White Board Challenge.csproj", "{3988C6A0-32FC-408A-BC6E-D1EF0CD2706C}"
EndProject
Global
	GlobalSection(SolutionConfigurationPlatforms) = preSolution
		Debug|Any CPU = Debug|Any CPU
		Release|Any CPU = Release|Any CPU
	EndGlobalSection
	GlobalSection(ProjectConfigurationPlatforms) = postSolution
		{3988C6A0-32FC-408A-BC6E-D1EF0CD2706C}.Debug|Any CPU.ActiveCfg = Debug|Any CPU
		{3988C6A0-32FC-408A-BC6E-D1EF0CD2706C}.Debug|Any CPU.Build.0 = Debug|Any CPU
		{3988C6A0-32FC-408A-BC6E-D1EF0CD2706C}.Release|Any CPU.ActiveCfg = Release|Any CPU
		{3988C6A0-32FC-408A-BC6E-D1EF0CD2706C}.Release|Any CPU.Build.0 = Release|Any CPU
	EndGlobalSection
	GlobalSection(SolutionProperties) = preSolution
		HideSolutionNode = FALSE
	EndGlobalSection
	GlobalSection(ExtensibilityGlobals) = postSolution
		SolutionGuid = {5B1068B9-EA9C-445F-A4FD-B4A7246F318E}
	EndGlobalSection
EndGlobal
